// !$*UTF8*$!
{
	archiveVersion = 1;
	classes = {
	};
	objectVersion = 46;
	objects = {

/* Begin PBXBuildFile section */
		66B4EF5BFDABBB1EC4D708D9 /* Pods_SurveyMonkey.framework in Frameworks */ = {isa = PBXBuildFile; fileRef = F57229A19608CFF4C941AD88 /* Pods_SurveyMonkey.framework */; };
		B35489E51D6EA6DE00F7E34A /* AppDelegate.swift in Sources */ = {isa = PBXBuildFile; fileRef = B35489E41D6EA6DE00F7E34A /* AppDelegate.swift */; };
		B35489E71D6EA6DE00F7E34A /* ViewController.swift in Sources */ = {isa = PBXBuildFile; fileRef = B35489E61D6EA6DE00F7E34A /* ViewController.swift */; };
		B35489EA1D6EA6DE00F7E34A /* Main.storyboard in Resources */ = {isa = PBXBuildFile; fileRef = B35489E81D6EA6DE00F7E34A /* Main.storyboard */; };
		B35489EC1D6EA6DE00F7E34A /* Assets.xcassets in Resources */ = {isa = PBXBuildFile; fileRef = B35489EB1D6EA6DE00F7E34A /* Assets.xcassets */; };
		B35489EF1D6EA6DE00F7E34A /* LaunchScreen.storyboard in Resources */ = {isa = PBXBuildFile; fileRef = B35489ED1D6EA6DE00F7E34A /* LaunchScreen.storyboard */; };
		B3652EA21D7804BC00733FC1 /* Settings.swift in Sources */ = {isa = PBXBuildFile; fileRef = B3652EA11D7804BC00733FC1 /* Settings.swift */; };
/* End PBXBuildFile section */

/* Begin PBXFileReference section */
		152AA50F39D4C73E30AD7ACA /* Pods-SurveyMonkey.release.xcconfig */ = {isa = PBXFileReference; includeInIndex = 1; lastKnownFileType = text.xcconfig; name = "Pods-SurveyMonkey.release.xcconfig"; path = "Pods/Target Support Files/Pods-SurveyMonkey/Pods-SurveyMonkey.release.xcconfig"; sourceTree = "<group>"; };
		53341192A9015DB6B3A82C70 /* Pods-SurveyMonkey.debug.xcconfig */ = {isa = PBXFileReference; includeInIndex = 1; lastKnownFileType = text.xcconfig; name = "Pods-SurveyMonkey.debug.xcconfig"; path = "Pods/Target Support Files/Pods-SurveyMonkey/Pods-SurveyMonkey.debug.xcconfig"; sourceTree = "<group>"; };
		B35489E11D6EA6DE00F7E34A /* SurveyMonkey.app */ = {isa = PBXFileReference; explicitFileType = wrapper.application; includeInIndex = 0; path = SurveyMonkey.app; sourceTree = BUILT_PRODUCTS_DIR; };
		B35489E41D6EA6DE00F7E34A /* AppDelegate.swift */ = {isa = PBXFileReference; lastKnownFileType = sourcecode.swift; path = AppDelegate.swift; sourceTree = "<group>"; };
		B35489E61D6EA6DE00F7E34A /* ViewController.swift */ = {isa = PBXFileReference; lastKnownFileType = sourcecode.swift; path = ViewController.swift; sourceTree = "<group>"; };
		B35489E91D6EA6DE00F7E34A /* Base */ = {isa = PBXFileReference; lastKnownFileType = file.storyboard; name = Base; path = Base.lproj/Main.storyboard; sourceTree = "<group>"; };
		B35489EB1D6EA6DE00F7E34A /* Assets.xcassets */ = {isa = PBXFileReference; lastKnownFileType = folder.assetcatalog; path = Assets.xcassets; sourceTree = "<group>"; };
		B35489EE1D6EA6DE00F7E34A /* Base */ = {isa = PBXFileReference; lastKnownFileType = file.storyboard; name = Base; path = Base.lproj/LaunchScreen.storyboard; sourceTree = "<group>"; };
		B35489F01D6EA6DE00F7E34A /* Info.plist */ = {isa = PBXFileReference; lastKnownFileType = text.plist.xml; path = Info.plist; sourceTree = "<group>"; };
		B35489F61D6EA97B00F7E34A /* SurveyMonkey-Bridging-Header.h */ = {isa = PBXFileReference; lastKnownFileType = sourcecode.c.h; path = "SurveyMonkey-Bridging-Header.h"; sourceTree = "<group>"; };
		B3652EA11D7804BC00733FC1 /* Settings.swift */ = {isa = PBXFileReference; fileEncoding = 4; lastKnownFileType = sourcecode.swift; path = Settings.swift; sourceTree = "<group>"; };
		F57229A19608CFF4C941AD88 /* Pods_SurveyMonkey.framework */ = {isa = PBXFileReference; explicitFileType = wrapper.framework; includeInIndex = 0; path = Pods_SurveyMonkey.framework; sourceTree = BUILT_PRODUCTS_DIR; };
/* End PBXFileReference section */

/* Begin PBXFrameworksBuildPhase section */
		B35489DE1D6EA6DE00F7E34A /* Frameworks */ = {
			isa = PBXFrameworksBuildPhase;
			buildActionMask = 2147483647;
			files = (
				66B4EF5BFDABBB1EC4D708D9 /* Pods_SurveyMonkey.framework in Frameworks */,
			);
			runOnlyForDeploymentPostprocessing = 0;
		};
/* End PBXFrameworksBuildPhase section */

/* Begin PBXGroup section */
		40E899D133CC1A4FAC8AE10C /* Pods */ = {
			isa = PBXGroup;
			children = (
				53341192A9015DB6B3A82C70 /* Pods-SurveyMonkey.debug.xcconfig */,
				152AA50F39D4C73E30AD7ACA /* Pods-SurveyMonkey.release.xcconfig */,
			);
			name = Pods;
			sourceTree = "<group>";
		};
		89A196E9E09041AC2CC0827E /* Frameworks */ = {
			isa = PBXGroup;
			children = (
				F57229A19608CFF4C941AD88 /* Pods_SurveyMonkey.framework */,
			);
			name = Frameworks;
			sourceTree = "<group>";
		};
		B35489D81D6EA6DE00F7E34A = {
			isa = PBXGroup;
			children = (
				B35489E31D6EA6DE00F7E34A /* SurveyMonkey */,
				B35489E21D6EA6DE00F7E34A /* Products */,
				40E899D133CC1A4FAC8AE10C /* Pods */,
				89A196E9E09041AC2CC0827E /* Frameworks */,
			);
			sourceTree = "<group>";
		};
		B35489E21D6EA6DE00F7E34A /* Products */ = {
			isa = PBXGroup;
			children = (
				B35489E11D6EA6DE00F7E34A /* SurveyMonkey.app */,
			);
			name = Products;
			sourceTree = "<group>";
		};
		B35489E31D6EA6DE00F7E34A /* SurveyMonkey */ = {
			isa = PBXGroup;
			children = (
				B35489E41D6EA6DE00F7E34A /* AppDelegate.swift */,
				B35489E61D6EA6DE00F7E34A /* ViewController.swift */,
				B3652EA11D7804BC00733FC1 /* Settings.swift */,
				B3652EA01D78041E00733FC1 /* Views */,
				B35489F61D6EA97B00F7E34A /* SurveyMonkey-Bridging-Header.h */,
				B35489EB1D6EA6DE00F7E34A /* Assets.xcassets */,
				B35489F01D6EA6DE00F7E34A /* Info.plist */,
			);
			path = SurveyMonkey;
			sourceTree = "<group>";
		};
		B3652EA01D78041E00733FC1 /* Views */ = {
			isa = PBXGroup;
			children = (
				B35489E81D6EA6DE00F7E34A /* Main.storyboard */,
				B35489ED1D6EA6DE00F7E34A /* LaunchScreen.storyboard */,
			);
			name = Views;
			sourceTree = "<group>";
		};
/* End PBXGroup section */

/* Begin PBXNativeTarget section */
		B35489E01D6EA6DE00F7E34A /* SurveyMonkey */ = {
			isa = PBXNativeTarget;
			buildConfigurationList = B35489F31D6EA6DE00F7E34A /* Build configuration list for PBXNativeTarget "SurveyMonkey" */;
			buildPhases = (
				300739C0A2EA82F9AD2200BB /* [CP] Check Pods Manifest.lock */,
				B35489DD1D6EA6DE00F7E34A /* Sources */,
				B35489DE1D6EA6DE00F7E34A /* Frameworks */,
				B35489DF1D6EA6DE00F7E34A /* Resources */,
				92A447B7E2495578D1C1E726 /* [CP] Embed Pods Frameworks */,
				86F8305A8ADA381AD92D6C07 /* [CP] Copy Pods Resources */,
			);
			buildRules = (
			);
			dependencies = (
			);
			name = SurveyMonkey;
			productName = SurveyMonkey;
			productReference = B35489E11D6EA6DE00F7E34A /* SurveyMonkey.app */;
			productType = "com.apple.product-type.application";
		};
/* End PBXNativeTarget section */

/* Begin PBXProject section */
		B35489D91D6EA6DE00F7E34A /* Project object */ = {
			isa = PBXProject;
			attributes = {
				LastSwiftUpdateCheck = 0730;
				LastUpgradeCheck = 0730;
				ORGANIZATIONNAME = ben;
				TargetAttributes = {
					B35489E01D6EA6DE00F7E34A = {
						CreatedOnToolsVersion = 7.3.1;
						DevelopmentTeam = Y6973JRDPS;
					};
				};
			};
			buildConfigurationList = B35489DC1D6EA6DE00F7E34A /* Build configuration list for PBXProject "SurveyMonkey" */;
			compatibilityVersion = "Xcode 3.2";
			developmentRegion = English;
			hasScannedForEncodings = 0;
			knownRegions = (
				en,
				Base,
			);
			mainGroup = B35489D81D6EA6DE00F7E34A;
			productRefGroup = B35489E21D6EA6DE00F7E34A /* Products */;
			projectDirPath = "";
			projectRoot = "";
			targets = (
				B35489E01D6EA6DE00F7E34A /* SurveyMonkey */,
			);
		};
/* End PBXProject section */

/* Begin PBXResourcesBuildPhase section */
		B35489DF1D6EA6DE00F7E34A /* Resources */ = {
			isa = PBXResourcesBuildPhase;
			buildActionMask = 2147483647;
			files = (
				B35489EF1D6EA6DE00F7E34A /* LaunchScreen.storyboard in Resources */,
				B35489EC1D6EA6DE00F7E34A /* Assets.xcassets in Resources */,
				B35489EA1D6EA6DE00F7E34A /* Main.storyboard in Resources */,
			);
			runOnlyForDeploymentPostprocessing = 0;
		};
/* End PBXResourcesBuildPhase section */

/* Begin PBXShellScriptBuildPhase section */
		300739C0A2EA82F9AD2200BB /* [CP] Check Pods Manifest.lock */ = {
			isa = PBXShellScriptBuildPhase;
			buildActionMask = 2147483647;
			files = (
			);
			inputPaths = (
			);
			name = "[CP] Check Pods Manifest.lock";
			outputPaths = (
			);
			runOnlyForDeploymentPostprocessing = 0;
			shellPath = /bin/sh;
			shellScript = "diff \"${PODS_ROOT}/../Podfile.lock\" \"${PODS_ROOT}/Manifest.lock\" > /dev/null\nif [[ $? != 0 ]] ; then\n    cat << EOM\nerror: The sandbox is not in sync with the Podfile.lock. Run 'pod install' or update your CocoaPods installation.\nEOM\n    exit 1\nfi\n";
			showEnvVarsInLog = 0;
		};
		86F8305A8ADA381AD92D6C07 /* [CP] Copy Pods Resources */ = {
			isa = PBXShellScriptBuildPhase;
			buildActionMask = 2147483647;
			files = (
			);
			inputPaths = (
			);
			name = "[CP] Copy Pods Resources";
			outputPaths = (
			);
			runOnlyForDeploymentPostprocessing = 0;
			shellPath = /bin/sh;
			shellScript = "\"${SRCROOT}/Pods/Target Support Files/Pods-SurveyMonkey/Pods-SurveyMonkey-resources.sh\"\n";
			showEnvVarsInLog = 0;
		};
		92A447B7E2495578D1C1E726 /* [CP] Embed Pods Frameworks */ = {
			isa = PBXShellScriptBuildPhase;
			buildActionMask = 2147483647;
			files = (
			);
			inputPaths = (
			);
			name = "[CP] Embed Pods Frameworks";
			outputPaths = (
			);
			runOnlyForDeploymentPostprocessing = 0;
			shellPath = /bin/sh;
			shellScript = "\"${SRCROOT}/Pods/Target Support Files/Pods-SurveyMonkey/Pods-SurveyMonkey-frameworks.sh\"\n";
			showEnvVarsInLog = 0;
		};
/* End PBXShellScriptBuildPhase section */

/* Begin PBXSourcesBuildPhase section */
		B35489DD1D6EA6DE00F7E34A /* Sources */ = {
			isa = PBXSourcesBuildPhase;
			buildActionMask = 2147483647;
			files = (
				B3652EA21D7804BC00733FC1 /* Settings.swift in Sources */,
				B35489E71D6EA6DE00F7E34A /* ViewController.swift in Sources */,
				B35489E51D6EA6DE00F7E34A /* AppDelegate.swift in Sources */,
			);
			runOnlyForDeploymentPostprocessing = 0;
		};
/* End PBXSourcesBuildPhase section */

/* Begin PBXVariantGroup section */
		B35489E81D6EA6DE00F7E34A /* Main.storyboard */ = {
			isa = PBXVariantGroup;
			children = (
				B35489E91D6EA6DE00F7E34A /* Base */,
			);
			name = Main.storyboard;
			sourceTree = "<group>";
		};
		B35489ED1D6EA6DE00F7E34A /* LaunchScreen.storyboard */ = {
			isa = PBXVariantGroup;
			children = (
				B35489EE1D6EA6DE00F7E34A /* Base */,
			);
			name = LaunchScreen.storyboard;
			sourceTree = "<group>";
		};
/* End PBXVariantGroup section */

/* Begin XCBuildConfiguration section */
		B35489F11D6EA6DE00F7E34A /* Debug */ = {
			isa = XCBuildConfiguration;
			buildSettings = {
				ALWAYS_SEARCH_USER_PATHS = NO;
				CLANG_ANALYZER_NONNULL = YES;
				CLANG_CXX_LANGUAGE_STANDARD = "gnu++0x";
				CLANG_CXX_LIBRARY = "libc++";
				CLANG_ENABLE_MODULES = YES;
				CLANG_ENABLE_OBJC_ARC = YES;
				CLANG_WARN_BOOL_CONVERSION = YES;
				CLANG_WARN_CONSTANT_CONVERSION = YES;
				CLANG_WARN_DIRECT_OBJC_ISA_USAGE = YES_ERROR;
				CLANG_WARN_EMPTY_BODY = YES;
				CLANG_WARN_ENUM_CONVERSION = YES;
				CLANG_WARN_INT_CONVERSION = YES;
				CLANG_WARN_OBJC_ROOT_CLASS = YES_ERROR;
				CLANG_WARN_UNREACHABLE_CODE = YES;
				CLANG_WARN__DUPLICATE_METHOD_MATCH = YES;
				"CODE_SIGN_IDENTITY[sdk=iphoneos*]" = "iPhone Developer";
				COPY_PHASE_STRIP = NO;
				DEBUG_INFORMATION_FORMAT = dwarf;
				ENABLE_STRICT_OBJC_MSGSEND = YES;
				ENABLE_TESTABILITY = YES;
				GCC_C_LANGUAGE_STANDARD = gnu99;
				GCC_DYNAMIC_NO_PIC = NO;
				GCC_NO_COMMON_BLOCKS = YES;
				GCC_OPTIMIZATION_LEVEL = 0;
				GCC_PREPROCESSOR_DEFINITIONS = (
					"DEBUG=1",
					"$(inherited)",
				);
				GCC_WARN_64_TO_32_BIT_CONVERSION = YES;
				GCC_WARN_ABOUT_RETURN_TYPE = YES_ERROR;
				GCC_WARN_UNDECLARED_SELECTOR = YES;
				GCC_WARN_UNINITIALIZED_AUTOS = YES_AGGRESSIVE;
				GCC_WARN_UNUSED_FUNCTION = YES;
				GCC_WARN_UNUSED_VARIABLE = YES;
				IPHONEOS_DEPLOYMENT_TARGET = 9.3;
				MTL_ENABLE_DEBUG_INFO = YES;
				ONLY_ACTIVE_ARCH = YES;
				SDKROOT = iphoneos;
				SWIFT_OPTIMIZATION_LEVEL = "-Onone";
				TARGETED_DEVICE_FAMILY = "1,2";
			};
			name = Debug;
		};
		B35489F21D6EA6DE00F7E34A /* Release */ = {
			isa = XCBuildConfiguration;
			buildSettings = {
				ALWAYS_SEARCH_USER_PATHS = NO;
				CLANG_ANALYZER_NONNULL = YES;
				CLANG_CXX_LANGUAGE_STANDARD = "gnu++0x";
				CLANG_CXX_LIBRARY = "libc++";
				CLANG_ENABLE_MODULES = YES;
				CLANG_ENABLE_OBJC_ARC = YES;
				CLANG_WARN_BOOL_CONVERSION = YES;
				CLANG_WARN_CONSTANT_CONVERSION = YES;
				CLANG_WARN_DIRECT_OBJC_ISA_USAGE = YES_ERROR;
				CLANG_WARN_EMPTY_BODY = YES;
				CLANG_WARN_ENUM_CONVERSION = YES;
				CLANG_WARN_INT_CONVERSION = YES;
				CLANG_WARN_OBJC_ROOT_CLASS = YES_ERROR;
				CLANG_WARN_UNREACHABLE_CODE = YES;
				CLANG_WARN__DUPLICATE_METHOD_MATCH = YES;
				"CODE_SIGN_IDENTITY[sdk=iphoneos*]" = "iPhone Developer";
				COPY_PHASE_STRIP = NO;
				DEBUG_INFORMATION_FORMAT = "dwarf-with-dsym";
				ENABLE_NS_ASSERTIONS = NO;
				ENABLE_STRICT_OBJC_MSGSEND = YES;
				GCC_C_LANGUAGE_STANDARD = gnu99;
				GCC_NO_COMMON_BLOCKS = YES;
				GCC_WARN_64_TO_32_BIT_CONVERSION = YES;
				GCC_WARN_ABOUT_RETURN_TYPE = YES_ERROR;
				GCC_WARN_UNDECLARED_SELECTOR = YES;
				GCC_WARN_UNINITIALIZED_AUTOS = YES_AGGRESSIVE;
				GCC_WARN_UNUSED_FUNCTION = YES;
				GCC_WARN_UNUSED_VARIABLE = YES;
				IPHONEOS_DEPLOYMENT_TARGET = 9.3;
				MTL_ENABLE_DEBUG_INFO = NO;
				SDKROOT = iphoneos;
				TARGETED_DEVICE_FAMILY = "1,2";
				VALIDATE_PRODUCT = YES;
			};
			name = Release;
		};
		B35489F41D6EA6DE00F7E34A /* Debug */ = {
			isa = XCBuildConfiguration;
			baseConfigurationReference = 53341192A9015DB6B3A82C70 /* Pods-SurveyMonkey.debug.xcconfig */;
			buildSettings = {
				ASSETCATALOG_COMPILER_APPICON_NAME = AppIcon;
				CLANG_ENABLE_MODULES = YES;
				CODE_SIGN_IDENTITY = "iPhone Developer";
				"CODE_SIGN_IDENTITY[sdk=iphoneos*]" = "iPhone Developer";
				INFOPLIST_FILE = SurveyMonkey/Info.plist;
				LD_RUNPATH_SEARCH_PATHS = "$(inherited) @executable_path/Frameworks";
				PRODUCT_BUNDLE_IDENTIFIER = com.appsynth.SurveyMonkey;
				PRODUCT_NAME = "$(TARGET_NAME)";
				PROVISIONING_PROFILE = "";
				SWIFT_OBJC_BRIDGING_HEADER = "SurveyMonkey/SurveyMonkey-Bridging-Header.h";
				SWIFT_OPTIMIZATION_LEVEL = "-Onone";
			};
			name = Debug;
		};
		B35489F51D6EA6DE00F7E34A /* Release */ = {
			isa = XCBuildConfiguration;
			baseConfigurationReference = 152AA50F39D4C73E30AD7ACA /* Pods-SurveyMonkey.release.xcconfig */;
			buildSettings = {
				ASSETCATALOG_COMPILER_APPICON_NAME = AppIcon;
				CLANG_ENABLE_MODULES = YES;
				CODE_SIGN_IDENTITY = "iPhone Developer";
				"CODE_SIGN_IDENTITY[sdk=iphoneos*]" = "iPhone Developer";
				INFOPLIST_FILE = SurveyMonkey/Info.plist;
				LD_RUNPATH_SEARCH_PATHS = "$(inherited) @executable_path/Frameworks";
				PRODUCT_BUNDLE_IDENTIFIER = com.appsynth.SurveyMonkey;
				PRODUCT_NAME = "$(TARGET_NAME)";
				PROVISIONING_PROFILE = "";
				SWIFT_OBJC_BRIDGING_HEADER = "SurveyMonkey/SurveyMonkey-Bridging-Header.h";
			};
			name = Release;
		};
/* End XCBuildConfiguration section */

/* Begin XCConfigurationList section */
		B35489DC1D6EA6DE00F7E34A /* Build configuration list for PBXProject "SurveyMonkey" */ = {
			isa = XCConfigurationList;
			buildConfigurations = (
				B35489F11D6EA6DE00F7E34A /* Debug */,
				B35489F21D6EA6DE00F7E34A /* Release */,
			);
			defaultConfigurationIsVisible = 0;
			defaultConfigurationName = Release;
		};
		B35489F31D6EA6DE00F7E34A /* Build configuration list for PBXNativeTarget "SurveyMonkey" */ = {
			isa = XCConfigurationList;
			buildConfigurations = (
				B35489F41D6EA6DE00F7E34A /* Debug */,
				B35489F51D6EA6DE00F7E34A /* Release */,
			);
			defaultConfigurationIsVisible = 0;
			defaultConfigurationName = Release;
		};
/* End XCConfigurationList section */
	};
	rootObject = B35489D91D6EA6DE00F7E34A /* Project object */;
}
